// !$*UTF8*$!
{
	archiveVersion = 1;
	classes = {
	};
	objectVersion = 50;
	objects = {

/* Begin PBXBuildFile section */
		57CA5BC920B72E7000518835 /* FarmFormTableViewController.swift in Sources */ = {isa = PBXBuildFile; fileRef = 57CA5BC820B72E7000518835 /* FarmFormTableViewController.swift */; };
		BA63DDC520B7184000C7DE45 /* AppDelegate.swift in Sources */ = {isa = PBXBuildFile; fileRef = BA63DDC420B7184000C7DE45 /* AppDelegate.swift */; };
		BA63DDC720B7184000C7DE45 /* ViewController.swift in Sources */ = {isa = PBXBuildFile; fileRef = BA63DDC620B7184000C7DE45 /* ViewController.swift */; };
		BA63DDCA20B7184000C7DE45 /* Main.storyboard in Resources */ = {isa = PBXBuildFile; fileRef = BA63DDC820B7184000C7DE45 /* Main.storyboard */; };
		BA63DDCC20B7184200C7DE45 /* Assets.xcassets in Resources */ = {isa = PBXBuildFile; fileRef = BA63DDCB20B7184200C7DE45 /* Assets.xcassets */; };
		BA63DDCF20B7184200C7DE45 /* LaunchScreen.storyboard in Resources */ = {isa = PBXBuildFile; fileRef = BA63DDCD20B7184200C7DE45 /* LaunchScreen.storyboard */; };
		BA63DDD820B7198100C7DE45 /* RouteViewController.swift in Sources */ = {isa = PBXBuildFile; fileRef = BA63DDD720B7198100C7DE45 /* RouteViewController.swift */; };
/* End PBXBuildFile section */

/* Begin PBXFileReference section */
		57CA5BC820B72E7000518835 /* FarmFormTableViewController.swift */ = {isa = PBXFileReference; lastKnownFileType = sourcecode.swift; path = FarmFormTableViewController.swift; sourceTree = "<group>"; };
		BA63DDC120B7184000C7DE45 /* MilkyWay.app */ = {isa = PBXFileReference; explicitFileType = wrapper.application; includeInIndex = 0; path = MilkyWay.app; sourceTree = BUILT_PRODUCTS_DIR; };
		BA63DDC420B7184000C7DE45 /* AppDelegate.swift */ = {isa = PBXFileReference; lastKnownFileType = sourcecode.swift; path = AppDelegate.swift; sourceTree = "<group>"; };
		BA63DDC620B7184000C7DE45 /* ViewController.swift */ = {isa = PBXFileReference; lastKnownFileType = sourcecode.swift; path = ViewController.swift; sourceTree = "<group>"; };
		BA63DDC920B7184000C7DE45 /* Base */ = {isa = PBXFileReference; lastKnownFileType = file.storyboard; name = Base; path = Base.lproj/Main.storyboard; sourceTree = "<group>"; };
		BA63DDCB20B7184200C7DE45 /* Assets.xcassets */ = {isa = PBXFileReference; lastKnownFileType = folder.assetcatalog; path = Assets.xcassets; sourceTree = "<group>"; };
		BA63DDCE20B7184200C7DE45 /* Base */ = {isa = PBXFileReference; lastKnownFileType = file.storyboard; name = Base; path = Base.lproj/LaunchScreen.storyboard; sourceTree = "<group>"; };
		BA63DDD020B7184200C7DE45 /* Info.plist */ = {isa = PBXFileReference; lastKnownFileType = text.plist.xml; path = Info.plist; sourceTree = "<group>"; };
		BA63DDD720B7198100C7DE45 /* RouteViewController.swift */ = {isa = PBXFileReference; lastKnownFileType = sourcecode.swift; path = RouteViewController.swift; sourceTree = "<group>"; };
/* End PBXFileReference section */

/* Begin PBXFrameworksBuildPhase section */
		BA63DDBE20B7184000C7DE45 /* Frameworks */ = {
			isa = PBXFrameworksBuildPhase;
			buildActionMask = 2147483647;
			files = (
			);
			runOnlyForDeploymentPostprocessing = 0;
		};
/* End PBXFrameworksBuildPhase section */

/* Begin PBXGroup section */
		BA63DDB820B7184000C7DE45 = {
			isa = PBXGroup;
			children = (
				BA63DDC320B7184000C7DE45 /* MilkyWay */,
				BA63DDC220B7184000C7DE45 /* Products */,
			);
			sourceTree = "<group>";
		};
		BA63DDC220B7184000C7DE45 /* Products */ = {
			isa = PBXGroup;
			children = (
				BA63DDC120B7184000C7DE45 /* MilkyWay.app */,
			);
			name = Products;
			sourceTree = "<group>";
		};
		BA63DDC320B7184000C7DE45 /* MilkyWay */ = {
			isa = PBXGroup;
			children = (
				BA63DDD620B7196300C7DE45 /* View Controllers */,
				BA63DDC420B7184000C7DE45 /* AppDelegate.swift */,
				BA63DDC620B7184000C7DE45 /* ViewController.swift */,
				BA63DDC820B7184000C7DE45 /* Main.storyboard */,
				BA63DDCB20B7184200C7DE45 /* Assets.xcassets */,
				BA63DDCD20B7184200C7DE45 /* LaunchScreen.storyboard */,
				BA63DDD020B7184200C7DE45 /* Info.plist */,
			);
			path = MilkyWay;
			sourceTree = "<group>";
		};
		BA63DDD620B7196300C7DE45 /* View Controllers */ = {
			isa = PBXGroup;
			children = (
				57CA5BC820B72E7000518835 /* FarmFormTableViewController.swift */,
				BA63DDD720B7198100C7DE45 /* RouteViewController.swift */,
			);
			path = "View Controllers";
			sourceTree = "<group>";
		};
/* End PBXGroup section */

/* Begin PBXNativeTarget section */
		BA63DDC020B7184000C7DE45 /* MilkyWay */ = {
			isa = PBXNativeTarget;
			buildConfigurationList = BA63DDD320B7184200C7DE45 /* Build configuration list for PBXNativeTarget "MilkyWay" */;
			buildPhases = (
				BA63DDBD20B7184000C7DE45 /* Sources */,
				BA63DDBE20B7184000C7DE45 /* Frameworks */,
				BA63DDBF20B7184000C7DE45 /* Resources */,
			);
			buildRules = (
			);
			dependencies = (
			);
			name = MilkyWay;
			productName = MilkyWay;
			productReference = BA63DDC120B7184000C7DE45 /* MilkyWay.app */;
			productType = "com.apple.product-type.application";
		};
/* End PBXNativeTarget section */

/* Begin PBXProject section */
		BA63DDB920B7184000C7DE45 /* Project object */ = {
			isa = PBXProject;
			attributes = {
				LastSwiftUpdateCheck = 0930;
				LastUpgradeCheck = 0930;
				ORGANIZATIONNAME = "Zanetti, Rafael";
				TargetAttributes = {
					BA63DDC020B7184000C7DE45 = {
						CreatedOnToolsVersion = 9.3.1;
					};
				};
			};
			buildConfigurationList = BA63DDBC20B7184000C7DE45 /* Build configuration list for PBXProject "MilkyWay" */;
			compatibilityVersion = "Xcode 9.3";
			developmentRegion = en;
			hasScannedForEncodings = 0;
			knownRegions = (
				en,
				Base,
			);
			mainGroup = BA63DDB820B7184000C7DE45;
			productRefGroup = BA63DDC220B7184000C7DE45 /* Products */;
			projectDirPath = "";
			projectRoot = "";
			targets = (
				BA63DDC020B7184000C7DE45 /* MilkyWay */,
			);
		};
/* End PBXProject section */

/* Begin PBXResourcesBuildPhase section */
		BA63DDBF20B7184000C7DE45 /* Resources */ = {
			isa = PBXResourcesBuildPhase;
			buildActionMask = 2147483647;
			files = (
				BA63DDCF20B7184200C7DE45 /* LaunchScreen.storyboard in Resources */,
				BA63DDCC20B7184200C7DE45 /* Assets.xcassets in Resources */,
				BA63DDCA20B7184000C7DE45 /* Main.storyboard in Resources */,
			);
			runOnlyForDeploymentPostprocessing = 0;
		};
/* End PBXResourcesBuildPhase section */

/* Begin PBXSourcesBuildPhase section */
		BA63DDBD20B7184000C7DE45 /* Sources */ = {
			isa = PBXSourcesBuildPhase;
			buildActionMask = 2147483647;
			files = (
				BA63DDC720B7184000C7DE45 /* ViewController.swift in Sources */,
				BA63DDC520B7184000C7DE45 /* AppDelegate.swift in Sources */,
				BA63DDD820B7198100C7DE45 /* RouteViewController.swift in Sources */,
				57CA5BC920B72E7000518835 /* FarmFormTableViewController.swift in Sources */,
			);
			runOnlyForDeploymentPostprocessing = 0;
		};
/* End PBXSourcesBuildPhase section */

/* Begin PBXVariantGroup section */
		BA63DDC820B7184000C7DE45 /* Main.storyboard */ = {
			isa = PBXVariantGroup;
			children = (
				BA63DDC920B7184000C7DE45 /* Base */,
			);
			name = Main.storyboard;
			sourceTree = "<group>";
		};
		BA63DDCD20B7184200C7DE45 /* LaunchScreen.storyboard */ = {
			isa = PBXVariantGroup;
			children = (
				BA63DDCE20B7184200C7DE45 /* Base */,
			);
			name = LaunchScreen.storyboard;
			sourceTree = "<group>";
		};
/* End PBXVariantGroup section */

/* Begin XCBuildConfiguration section */
		BA63DDD120B7184200C7DE45 /* Debug */ = {
			isa = XCBuildConfiguration;
			buildSettings = {
				ALWAYS_SEARCH_USER_PATHS = NO;
				CLANG_ANALYZER_NONNULL = YES;
				CLANG_ANALYZER_NUMBER_OBJECT_CONVERSION = YES_AGGRESSIVE;
				CLANG_CXX_LANGUAGE_STANDARD = "gnu++14";
				CLANG_CXX_LIBRARY = "libc++";
				CLANG_ENABLE_MODULES = YES;
				CLANG_ENABLE_OBJC_ARC = YES;
				CLANG_ENABLE_OBJC_WEAK = YES;
				CLANG_WARN_BLOCK_CAPTURE_AUTORELEASING = YES;
				CLANG_WARN_BOOL_CONVERSION = YES;
				CLANG_WARN_COMMA = YES;
				CLANG_WARN_CONSTANT_CONVERSION = YES;
				CLANG_WARN_DEPRECATED_OBJC_IMPLEMENTATIONS = YES;
				CLANG_WARN_DIRECT_OBJC_ISA_USAGE = YES_ERROR;
				CLANG_WARN_DOCUMENTATION_COMMENTS = YES;
				CLANG_WARN_EMPTY_BODY = YES;
				CLANG_WARN_ENUM_CONVERSION = YES;
				CLANG_WARN_INFINITE_RECURSION = YES;
				CLANG_WARN_INT_CONVERSION = YES;
				CLANG_WARN_NON_LITERAL_NULL_CONVERSION = YES;
				CLANG_WARN_OBJC_IMPLICIT_RETAIN_SELF = YES;
				CLANG_WARN_OBJC_LITERAL_CONVERSION = YES;
				CLANG_WARN_OBJC_ROOT_CLASS = YES_ERROR;
				CLANG_WARN_RANGE_LOOP_ANALYSIS = YES;
				CLANG_WARN_STRICT_PROTOTYPES = YES;
				CLANG_WARN_SUSPICIOUS_MOVE = YES;
				CLANG_WARN_UNGUARDED_AVAILABILITY = YES_AGGRESSIVE;
				CLANG_WARN_UNREACHABLE_CODE = YES;
				CLANG_WARN__DUPLICATE_METHOD_MATCH = YES;
				CODE_SIGN_IDENTITY = "iPhone Developer";
				COPY_PHASE_STRIP = NO;
				DEBUG_INFORMATION_FORMAT = dwarf;
				ENABLE_STRICT_OBJC_MSGSEND = YES;
				ENABLE_TESTABILITY = YES;
				GCC_C_LANGUAGE_STANDARD = gnu11;
				GCC_DYNAMIC_NO_PIC = NO;
				GCC_NO_COMMON_BLOCKS = YES;
				GCC_OPTIMIZATION_LEVEL = 0;
				GCC_PREPROCESSOR_DEFINITIONS = (
					"DEBUG=1",
					"$(inherited)",
				);
				GCC_WARN_64_TO_32_BIT_CONVERSION = YES;
				GCC_WARN_ABOUT_RETURN_TYPE = YES_ERROR;
				GCC_WARN_UNDECLARED_SELECTOR = YES;
				GCC_WARN_UNINITIALIZED_AUTOS = YES_AGGRESSIVE;
				GCC_WARN_UNUSED_FUNCTION = YES;
				GCC_WARN_UNUSED_VARIABLE = YES;
				IPHONEOS_DEPLOYMENT_TARGET = 11.3;
				MTL_ENABLE_DEBUG_INFO = YES;
				ONLY_ACTIVE_ARCH = YES;
				SDKROOT = iphoneos;
				SWIFT_ACTIVE_COMPILATION_CONDITIONS = DEBUG;
				SWIFT_OPTIMIZATION_LEVEL = "-Onone";
			};
			name = Debug;
		};
		BA63DDD220B7184200C7DE45 /* Release */ = {
			isa = XCBuildConfiguration;
			buildSettings = {
				ALWAYS_SEARCH_USER_PATHS = NO;
				CLANG_ANALYZER_NONNULL = YES;
				CLANG_ANALYZER_NUMBER_OBJECT_CONVERSION = YES_AGGRESSIVE;
				CLANG_CXX_LANGUAGE_STANDARD = "gnu++14";
				CLANG_CXX_LIBRARY = "libc++";
				CLANG_ENABLE_MODULES = YES;
				CLANG_ENABLE_OBJC_ARC = YES;
				CLANG_ENABLE_OBJC_WEAK = YES;
				CLANG_WARN_BLOCK_CAPTURE_AUTORELEASING = YES;
				CLANG_WARN_BOOL_CONVERSION = YES;
				CLANG_WARN_COMMA = YES;
				CLANG_WARN_CONSTANT_CONVERSION = YES;
				CLANG_WARN_DEPRECATED_OBJC_IMPLEMENTATIONS = YES;
				CLANG_WARN_DIRECT_OBJC_ISA_USAGE = YES_ERROR;
				CLANG_WARN_DOCUMENTATION_COMMENTS = YES;
				CLANG_WARN_EMPTY_BODY = YES;
				CLANG_WARN_ENUM_CONVERSION = YES;
				CLANG_WARN_INFINITE_RECURSION = YES;
				CLANG_WARN_INT_CONVERSION = YES;
				CLANG_WARN_NON_LITERAL_NULL_CONVERSION = YES;
				CLANG_WARN_OBJC_IMPLICIT_RETAIN_SELF = YES;
				CLANG_WARN_OBJC_LITERAL_CONVERSION = YES;
				CLANG_WARN_OBJC_ROOT_CLASS = YES_ERROR;
				CLANG_WARN_RANGE_LOOP_ANALYSIS = YES;
				CLANG_WARN_STRICT_PROTOTYPES = YES;
				CLANG_WARN_SUSPICIOUS_MOVE = YES;
				CLANG_WARN_UNGUARDED_AVAILABILITY = YES_AGGRESSIVE;
				CLANG_WARN_UNREACHABLE_CODE = YES;
				CLANG_WARN__DUPLICATE_METHOD_MATCH = YES;
				CODE_SIGN_IDENTITY = "iPhone Developer";
				COPY_PHASE_STRIP = NO;
				DEBUG_INFORMATION_FORMAT = "dwarf-with-dsym";
				ENABLE_NS_ASSERTIONS = NO;
				ENABLE_STRICT_OBJC_MSGSEND = YES;
				GCC_C_LANGUAGE_STANDARD = gnu11;
				GCC_NO_COMMON_BLOCKS = YES;
				GCC_WARN_64_TO_32_BIT_CONVERSION = YES;
				GCC_WARN_ABOUT_RETURN_TYPE = YES_ERROR;
				GCC_WARN_UNDECLARED_SELECTOR = YES;
				GCC_WARN_UNINITIALIZED_AUTOS = YES_AGGRESSIVE;
				GCC_WARN_UNUSED_FUNCTION = YES;
				GCC_WARN_UNUSED_VARIABLE = YES;
				IPHONEOS_DEPLOYMENT_TARGET = 11.3;
				MTL_ENABLE_DEBUG_INFO = NO;
				SDKROOT = iphoneos;
				SWIFT_COMPILATION_MODE = wholemodule;
				SWIFT_OPTIMIZATION_LEVEL = "-O";
				VALIDATE_PRODUCT = YES;
			};
			name = Release;
		};
		BA63DDD420B7184200C7DE45 /* Debug */ = {
			isa = XCBuildConfiguration;
			buildSettings = {
				ASSETCATALOG_COMPILER_APPICON_NAME = AppIcon;
				CODE_SIGN_STYLE = Automatic;
				INFOPLIST_FILE = MilkyWay/Info.plist;
				LD_RUNPATH_SEARCH_PATHS = (
					"$(inherited)",
					"@executable_path/Frameworks",
				);
				PRODUCT_BUNDLE_IDENTIFIER = br.com.rafaelzanetti.MilkyWay;
				PRODUCT_NAME = "$(TARGET_NAME)";
				SWIFT_VERSION = 4.0;
				TARGETED_DEVICE_FAMILY = "1,2";
			};
			name = Debug;
		};
		BA63DDD520B7184200C7DE45 /* Release */ = {
			isa = XCBuildConfiguration;
			buildSettings = {
				ASSETCATALOG_COMPILER_APPICON_NAME = AppIcon;
				CODE_SIGN_STYLE = Automatic;
				INFOPLIST_FILE = MilkyWay/Info.plist;
				LD_RUNPATH_SEARCH_PATHS = (
					"$(inherited)",
					"@executable_path/Frameworks",
				);
				PRODUCT_BUNDLE_IDENTIFIER = br.com.rafaelzanetti.MilkyWay;
				PRODUCT_NAME = "$(TARGET_NAME)";
				SWIFT_VERSION = 4.0;
				TARGETED_DEVICE_FAMILY = "1,2";
			};
			name = Release;
		};
/* End XCBuildConfiguration section */

/* Begin XCConfigurationList section */
		BA63DDBC20B7184000C7DE45 /* Build configuration list for PBXProject "MilkyWay" */ = {
			isa = XCConfigurationList;
			buildConfigurations = (
				BA63DDD120B7184200C7DE45 /* Debug */,
				BA63DDD220B7184200C7DE45 /* Release */,
			);
			defaultConfigurationIsVisible = 0;
			defaultConfigurationName = Release;
		};
		BA63DDD320B7184200C7DE45 /* Build configuration list for PBXNativeTarget "MilkyWay" */ = {
			isa = XCConfigurationList;
			buildConfigurations = (
				BA63DDD420B7184200C7DE45 /* Debug */,
				BA63DDD520B7184200C7DE45 /* Release */,
			);
			defaultConfigurationIsVisible = 0;
			defaultConfigurationName = Release;
		};
/* End XCConfigurationList section */
	};
	rootObject = BA63DDB920B7184000C7DE45 /* Project object */;
}
